// !$*UTF8*$!
{
	archiveVersion = 1;
	classes = {
	};
	objectVersion = 55;
	objects = {

/* Begin PBXBuildFile section */
		7EA4904027FBABC200AE2D61 /* CollectionApp.swift in Sources */ = {isa = PBXBuildFile; fileRef = 7EA4903F27FBABC200AE2D61 /* CollectionApp.swift */; };
		7EA4904227FBABC200AE2D61 /* ContentView.swift in Sources */ = {isa = PBXBuildFile; fileRef = 7EA4904127FBABC200AE2D61 /* ContentView.swift */; };
		7EA4904427FBABC900AE2D61 /* Assets.xcassets in Resources */ = {isa = PBXBuildFile; fileRef = 7EA4904327FBABC900AE2D61 /* Assets.xcassets */; };
		7EA4904727FBABC900AE2D61 /* Preview Assets.xcassets in Resources */ = {isa = PBXBuildFile; fileRef = 7EA4904627FBABC900AE2D61 /* Preview Assets.xcassets */; };
		7EA4905127FBABCA00AE2D61 /* CollectionTests.swift in Sources */ = {isa = PBXBuildFile; fileRef = 7EA4905027FBABCA00AE2D61 /* CollectionTests.swift */; };
		7EA4905B27FBABCA00AE2D61 /* CollectionUITests.swift in Sources */ = {isa = PBXBuildFile; fileRef = 7EA4905A27FBABCA00AE2D61 /* CollectionUITests.swift */; };
		7EA4905D27FBABCA00AE2D61 /* CollectionUITestsLaunchTests.swift in Sources */ = {isa = PBXBuildFile; fileRef = 7EA4905C27FBABCA00AE2D61 /* CollectionUITestsLaunchTests.swift */; };
/* End PBXBuildFile section */

/* Begin PBXContainerItemProxy section */
		7EA4904D27FBABCA00AE2D61 /* PBXContainerItemProxy */ = {
			isa = PBXContainerItemProxy;
			containerPortal = 7EA4903427FBABC200AE2D61 /* Project object */;
			proxyType = 1;
			remoteGlobalIDString = 7EA4903B27FBABC200AE2D61;
			remoteInfo = Collection;
		};
		7EA4905727FBABCA00AE2D61 /* PBXContainerItemProxy */ = {
			isa = PBXContainerItemProxy;
			containerPortal = 7EA4903427FBABC200AE2D61 /* Project object */;
			proxyType = 1;
			remoteGlobalIDString = 7EA4903B27FBABC200AE2D61;
			remoteInfo = Collection;
		};
/* End PBXContainerItemProxy section */

/* Begin PBXFileReference section */
		7EA4903C27FBABC200AE2D61 /* Collection.app */ = {isa = PBXFileReference; explicitFileType = wrapper.application; includeInIndex = 0; path = Collection.app; sourceTree = BUILT_PRODUCTS_DIR; };
		7EA4903F27FBABC200AE2D61 /* CollectionApp.swift */ = {isa = PBXFileReference; lastKnownFileType = sourcecode.swift; path = CollectionApp.swift; sourceTree = "<group>"; };
		7EA4904127FBABC200AE2D61 /* ContentView.swift */ = {isa = PBXFileReference; lastKnownFileType = sourcecode.swift; path = ContentView.swift; sourceTree = "<group>"; };
		7EA4904327FBABC900AE2D61 /* Assets.xcassets */ = {isa = PBXFileReference; lastKnownFileType = folder.assetcatalog; path = Assets.xcassets; sourceTree = "<group>"; };
		7EA4904627FBABC900AE2D61 /* Preview Assets.xcassets */ = {isa = PBXFileReference; lastKnownFileType = folder.assetcatalog; path = "Preview Assets.xcassets"; sourceTree = "<group>"; };
		7EA4904C27FBABCA00AE2D61 /* CollectionTests.xctest */ = {isa = PBXFileReference; explicitFileType = wrapper.cfbundle; includeInIndex = 0; path = CollectionTests.xctest; sourceTree = BUILT_PRODUCTS_DIR; };
		7EA4905027FBABCA00AE2D61 /* CollectionTests.swift */ = {isa = PBXFileReference; lastKnownFileType = sourcecode.swift; path = CollectionTests.swift; sourceTree = "<group>"; };
		7EA4905627FBABCA00AE2D61 /* CollectionUITests.xctest */ = {isa = PBXFileReference; explicitFileType = wrapper.cfbundle; includeInIndex = 0; path = CollectionUITests.xctest; sourceTree = BUILT_PRODUCTS_DIR; };
		7EA4905A27FBABCA00AE2D61 /* CollectionUITests.swift */ = {isa = PBXFileReference; lastKnownFileType = sourcecode.swift; path = CollectionUITests.swift; sourceTree = "<group>"; };
		7EA4905C27FBABCA00AE2D61 /* CollectionUITestsLaunchTests.swift */ = {isa = PBXFileReference; lastKnownFileType = sourcecode.swift; path = CollectionUITestsLaunchTests.swift; sourceTree = "<group>"; };
/* End PBXFileReference section */

/* Begin PBXFrameworksBuildPhase section */
		7EA4903927FBABC200AE2D61 /* Frameworks */ = {
			isa = PBXFrameworksBuildPhase;
			buildActionMask = 2147483647;
			files = (
			);
			runOnlyForDeploymentPostprocessing = 0;
		};
		7EA4904927FBABCA00AE2D61 /* Frameworks */ = {
			isa = PBXFrameworksBuildPhase;
			buildActionMask = 2147483647;
			files = (
			);
			runOnlyForDeploymentPostprocessing = 0;
		};
		7EA4905327FBABCA00AE2D61 /* Frameworks */ = {
			isa = PBXFrameworksBuildPhase;
			buildActionMask = 2147483647;
			files = (
			);
			runOnlyForDeploymentPostprocessing = 0;
		};
/* End PBXFrameworksBuildPhase section */

/* Begin PBXGroup section */
		7EA4903327FBABC200AE2D61 = {
			isa = PBXGroup;
			children = (
				7EA4903E27FBABC200AE2D61 /* Collection */,
				7EA4904F27FBABCA00AE2D61 /* CollectionTests */,
				7EA4905927FBABCA00AE2D61 /* CollectionUITests */,
				7EA4903D27FBABC200AE2D61 /* Products */,
			);
			sourceTree = "<group>";
		};
		7EA4903D27FBABC200AE2D61 /* Products */ = {
			isa = PBXGroup;
			children = (
				7EA4903C27FBABC200AE2D61 /* Collection.app */,
				7EA4904C27FBABCA00AE2D61 /* CollectionTests.xctest */,
				7EA4905627FBABCA00AE2D61 /* CollectionUITests.xctest */,
			);
			name = Products;
			sourceTree = "<group>";
		};
		7EA4903E27FBABC200AE2D61 /* Collection */ = {
			isa = PBXGroup;
			children = (
				7EA4903F27FBABC200AE2D61 /* CollectionApp.swift */,
				7EA4904127FBABC200AE2D61 /* ContentView.swift */,
				7EA4904327FBABC900AE2D61 /* Assets.xcassets */,
				7EA4904527FBABC900AE2D61 /* Preview Content */,
			);
			path = Collection;
			sourceTree = "<group>";
		};
		7EA4904527FBABC900AE2D61 /* Preview Content */ = {
			isa = PBXGroup;
			children = (
				7EA4904627FBABC900AE2D61 /* Preview Assets.xcassets */,
			);
			path = "Preview Content";
			sourceTree = "<group>";
		};
		7EA4904F27FBABCA00AE2D61 /* CollectionTests */ = {
			isa = PBXGroup;
			children = (
				7EA4905027FBABCA00AE2D61 /* CollectionTests.swift */,
			);
			path = CollectionTests;
			sourceTree = "<group>";
		};
		7EA4905927FBABCA00AE2D61 /* CollectionUITests */ = {
			isa = PBXGroup;
			children = (
				7EA4905A27FBABCA00AE2D61 /* CollectionUITests.swift */,
				7EA4905C27FBABCA00AE2D61 /* CollectionUITestsLaunchTests.swift */,
			);
			path = CollectionUITests;
			sourceTree = "<group>";
		};
/* End PBXGroup section */

/* Begin PBXNativeTarget section */
		7EA4903B27FBABC200AE2D61 /* Collection */ = {
			isa = PBXNativeTarget;
			buildConfigurationList = 7EA4906027FBABCA00AE2D61 /* Build configuration list for PBXNativeTarget "Collection" */;
			buildPhases = (
				7EA4903827FBABC200AE2D61 /* Sources */,
				7EA4903927FBABC200AE2D61 /* Frameworks */,
				7EA4903A27FBABC200AE2D61 /* Resources */,
			);
			buildRules = (
			);
			dependencies = (
			);
			name = Collection;
			productName = Collection;
			productReference = 7EA4903C27FBABC200AE2D61 /* Collection.app */;
			productType = "com.apple.product-type.application";
		};
		7EA4904B27FBABCA00AE2D61 /* CollectionTests */ = {
			isa = PBXNativeTarget;
			buildConfigurationList = 7EA4906327FBABCA00AE2D61 /* Build configuration list for PBXNativeTarget "CollectionTests" */;
			buildPhases = (
				7EA4904827FBABCA00AE2D61 /* Sources */,
				7EA4904927FBABCA00AE2D61 /* Frameworks */,
				7EA4904A27FBABCA00AE2D61 /* Resources */,
			);
			buildRules = (
			);
			dependencies = (
				7EA4904E27FBABCA00AE2D61 /* PBXTargetDependency */,
			);
			name = CollectionTests;
			productName = CollectionTests;
			productReference = 7EA4904C27FBABCA00AE2D61 /* CollectionTests.xctest */;
			productType = "com.apple.product-type.bundle.unit-test";
		};
		7EA4905527FBABCA00AE2D61 /* CollectionUITests */ = {
			isa = PBXNativeTarget;
			buildConfigurationList = 7EA4906627FBABCA00AE2D61 /* Build configuration list for PBXNativeTarget "CollectionUITests" */;
			buildPhases = (
				7EA4905227FBABCA00AE2D61 /* Sources */,
				7EA4905327FBABCA00AE2D61 /* Frameworks */,
				7EA4905427FBABCA00AE2D61 /* Resources */,
			);
			buildRules = (
			);
			dependencies = (
				7EA4905827FBABCA00AE2D61 /* PBXTargetDependency */,
			);
			name = CollectionUITests;
			productName = CollectionUITests;
			productReference = 7EA4905627FBABCA00AE2D61 /* CollectionUITests.xctest */;
			productType = "com.apple.product-type.bundle.ui-testing";
		};
/* End PBXNativeTarget section */

/* Begin PBXProject section */
		7EA4903427FBABC200AE2D61 /* Project object */ = {
			isa = PBXProject;
			attributes = {
				BuildIndependentTargetsInParallel = 1;
				LastSwiftUpdateCheck = 1330;
				LastUpgradeCheck = 1330;
				TargetAttributes = {
					7EA4903B27FBABC200AE2D61 = {
						CreatedOnToolsVersion = 13.3;
					};
					7EA4904B27FBABCA00AE2D61 = {
						CreatedOnToolsVersion = 13.3;
						TestTargetID = 7EA4903B27FBABC200AE2D61;
					};
					7EA4905527FBABCA00AE2D61 = {
						CreatedOnToolsVersion = 13.3;
						TestTargetID = 7EA4903B27FBABC200AE2D61;
					};
				};
			};
			buildConfigurationList = 7EA4903727FBABC200AE2D61 /* Build configuration list for PBXProject "Collection" */;
			compatibilityVersion = "Xcode 13.0";
			developmentRegion = en;
			hasScannedForEncodings = 0;
			knownRegions = (
				en,
				Base,
			);
			mainGroup = 7EA4903327FBABC200AE2D61;
			productRefGroup = 7EA4903D27FBABC200AE2D61 /* Products */;
			projectDirPath = "";
			projectRoot = "";
			targets = (
				7EA4903B27FBABC200AE2D61 /* Collection */,
				7EA4904B27FBABCA00AE2D61 /* CollectionTests */,
				7EA4905527FBABCA00AE2D61 /* CollectionUITests */,
			);
		};
/* End PBXProject section */

/* Begin PBXResourcesBuildPhase section */
		7EA4903A27FBABC200AE2D61 /* Resources */ = {
			isa = PBXResourcesBuildPhase;
			buildActionMask = 2147483647;
			files = (
				7EA4904727FBABC900AE2D61 /* Preview Assets.xcassets in Resources */,
				7EA4904427FBABC900AE2D61 /* Assets.xcassets in Resources */,
			);
			runOnlyForDeploymentPostprocessing = 0;
		};
		7EA4904A27FBABCA00AE2D61 /* Resources */ = {
			isa = PBXResourcesBuildPhase;
			buildActionMask = 2147483647;
			files = (
			);
			runOnlyForDeploymentPostprocessing = 0;
		};
		7EA4905427FBABCA00AE2D61 /* Resources */ = {
			isa = PBXResourcesBuildPhase;
			buildActionMask = 2147483647;
			files = (
			);
			runOnlyForDeploymentPostprocessing = 0;
		};
/* End PBXResourcesBuildPhase section */

/* Begin PBXSourcesBuildPhase section */
		7EA4903827FBABC200AE2D61 /* Sources */ = {
			isa = PBXSourcesBuildPhase;
			buildActionMask = 2147483647;
			files = (
				7EA4904227FBABC200AE2D61 /* ContentView.swift in Sources */,
				7EA4904027FBABC200AE2D61 /* CollectionApp.swift in Sources */,
			);
			runOnlyForDeploymentPostprocessing = 0;
		};
		7EA4904827FBABCA00AE2D61 /* Sources */ = {
			isa = PBXSourcesBuildPhase;
			buildActionMask = 2147483647;
			files = (
				7EA4905127FBABCA00AE2D61 /* CollectionTests.swift in Sources */,
			);
			runOnlyForDeploymentPostprocessing = 0;
		};
		7EA4905227FBABCA00AE2D61 /* Sources */ = {
			isa = PBXSourcesBuildPhase;
			buildActionMask = 2147483647;
			files = (
				7EA4905D27FBABCA00AE2D61 /* CollectionUITestsLaunchTests.swift in Sources */,
				7EA4905B27FBABCA00AE2D61 /* CollectionUITests.swift in Sources */,
			);
			runOnlyForDeploymentPostprocessing = 0;
		};
/* End PBXSourcesBuildPhase section */

/* Begin PBXTargetDependency section */
		7EA4904E27FBABCA00AE2D61 /* PBXTargetDependency */ = {
			isa = PBXTargetDependency;
			target = 7EA4903B27FBABC200AE2D61 /* Collection */;
			targetProxy = 7EA4904D27FBABCA00AE2D61 /* PBXContainerItemProxy */;
		};
		7EA4905827FBABCA00AE2D61 /* PBXTargetDependency */ = {
			isa = PBXTargetDependency;
			target = 7EA4903B27FBABC200AE2D61 /* Collection */;
			targetProxy = 7EA4905727FBABCA00AE2D61 /* PBXContainerItemProxy */;
		};
/* End PBXTargetDependency section */

/* Begin XCBuildConfiguration section */
		7EA4905E27FBABCA00AE2D61 /* Debug */ = {
			isa = XCBuildConfiguration;
			buildSettings = {
				ALWAYS_SEARCH_USER_PATHS = NO;
				CLANG_ANALYZER_NONNULL = YES;
				CLANG_ANALYZER_NUMBER_OBJECT_CONVERSION = YES_AGGRESSIVE;
				CLANG_CXX_LANGUAGE_STANDARD = "gnu++17";
				CLANG_ENABLE_MODULES = YES;
				CLANG_ENABLE_OBJC_ARC = YES;
				CLANG_ENABLE_OBJC_WEAK = YES;
				CLANG_WARN_BLOCK_CAPTURE_AUTORELEASING = YES;
				CLANG_WARN_BOOL_CONVERSION = YES;
				CLANG_WARN_COMMA = YES;
				CLANG_WARN_CONSTANT_CONVERSION = YES;
				CLANG_WARN_DEPRECATED_OBJC_IMPLEMENTATIONS = YES;
				CLANG_WARN_DIRECT_OBJC_ISA_USAGE = YES_ERROR;
				CLANG_WARN_DOCUMENTATION_COMMENTS = YES;
				CLANG_WARN_EMPTY_BODY = YES;
				CLANG_WARN_ENUM_CONVERSION = YES;
				CLANG_WARN_INFINITE_RECURSION = YES;
				CLANG_WARN_INT_CONVERSION = YES;
				CLANG_WARN_NON_LITERAL_NULL_CONVERSION = YES;
				CLANG_WARN_OBJC_IMPLICIT_RETAIN_SELF = YES;
				CLANG_WARN_OBJC_LITERAL_CONVERSION = YES;
				CLANG_WARN_OBJC_ROOT_CLASS = YES_ERROR;
				CLANG_WARN_QUOTED_INCLUDE_IN_FRAMEWORK_HEADER = YES;
				CLANG_WARN_RANGE_LOOP_ANALYSIS = YES;
				CLANG_WARN_STRICT_PROTOTYPES = YES;
				CLANG_WARN_SUSPICIOUS_MOVE = YES;
				CLANG_WARN_UNGUARDED_AVAILABILITY = YES_AGGRESSIVE;
				CLANG_WARN_UNREACHABLE_CODE = YES;
				CLANG_WARN__DUPLICATE_METHOD_MATCH = YES;
				COPY_PHASE_STRIP = NO;
				DEBUG_INFORMATION_FORMAT = dwarf;
				ENABLE_STRICT_OBJC_MSGSEND = YES;
				ENABLE_TESTABILITY = YES;
				GCC_C_LANGUAGE_STANDARD = gnu11;
				GCC_DYNAMIC_NO_PIC = NO;
				GCC_NO_COMMON_BLOCKS = YES;
				GCC_OPTIMIZATION_LEVEL = 0;
				GCC_PREPROCESSOR_DEFINITIONS = (
					"DEBUG=1",
					"$(inherited)",
				);
				GCC_WARN_64_TO_32_BIT_CONVERSION = YES;
				GCC_WARN_ABOUT_RETURN_TYPE = YES_ERROR;
				GCC_WARN_UNDECLARED_SELECTOR = YES;
				GCC_WARN_UNINITIALIZED_AUTOS = YES_AGGRESSIVE;
				GCC_WARN_UNUSED_FUNCTION = YES;
				GCC_WARN_UNUSED_VARIABLE = YES;
				IPHONEOS_DEPLOYMENT_TARGET = 15.4;
				MTL_ENABLE_DEBUG_INFO = INCLUDE_SOURCE;
				MTL_FAST_MATH = YES;
				ONLY_ACTIVE_ARCH = YES;
				SDKROOT = iphoneos;
				SWIFT_ACTIVE_COMPILATION_CONDITIONS = DEBUG;
				SWIFT_OPTIMIZATION_LEVEL = "-Onone";
			};
			name = Debug;
		};
		7EA4905F27FBABCA00AE2D61 /* Release */ = {
			isa = XCBuildConfiguration;
			buildSettings = {
				ALWAYS_SEARCH_USER_PATHS = NO;
				CLANG_ANALYZER_NONNULL = YES;
				CLANG_ANALYZER_NUMBER_OBJECT_CONVERSION = YES_AGGRESSIVE;
				CLANG_CXX_LANGUAGE_STANDARD = "gnu++17";
				CLANG_ENABLE_MODULES = YES;
				CLANG_ENABLE_OBJC_ARC = YES;
				CLANG_ENABLE_OBJC_WEAK = YES;
				CLANG_WARN_BLOCK_CAPTURE_AUTORELEASING = YES;
				CLANG_WARN_BOOL_CONVERSION = YES;
				CLANG_WARN_COMMA = YES;
				CLANG_WARN_CONSTANT_CONVERSION = YES;
				CLANG_WARN_DEPRECATED_OBJC_IMPLEMENTATIONS = YES;
				CLANG_WARN_DIRECT_OBJC_ISA_USAGE = YES_ERROR;
				CLANG_WARN_DOCUMENTATION_COMMENTS = YES;
				CLANG_WARN_EMPTY_BODY = YES;
				CLANG_WARN_ENUM_CONVERSION = YES;
				CLANG_WARN_INFINITE_RECURSION = YES;
				CLANG_WARN_INT_CONVERSION = YES;
				CLANG_WARN_NON_LITERAL_NULL_CONVERSION = YES;
				CLANG_WARN_OBJC_IMPLICIT_RETAIN_SELF = YES;
				CLANG_WARN_OBJC_LITERAL_CONVERSION = YES;
				CLANG_WARN_OBJC_ROOT_CLASS = YES_ERROR;
				CLANG_WARN_QUOTED_INCLUDE_IN_FRAMEWORK_HEADER = YES;
				CLANG_WARN_RANGE_LOOP_ANALYSIS = YES;
				CLANG_WARN_STRICT_PROTOTYPES = YES;
				CLANG_WARN_SUSPICIOUS_MOVE = YES;
				CLANG_WARN_UNGUARDED_AVAILABILITY = YES_AGGRESSIVE;
				CLANG_WARN_UNREACHABLE_CODE = YES;
				CLANG_WARN__DUPLICATE_METHOD_MATCH = YES;
				COPY_PHASE_STRIP = NO;
				DEBUG_INFORMATION_FORMAT = "dwarf-with-dsym";
				ENABLE_NS_ASSERTIONS = NO;
				ENABLE_STRICT_OBJC_MSGSEND = YES;
				GCC_C_LANGUAGE_STANDARD = gnu11;
				GCC_NO_COMMON_BLOCKS = YES;
				GCC_WARN_64_TO_32_BIT_CONVERSION = YES;
				GCC_WARN_ABOUT_RETURN_TYPE = YES_ERROR;
				GCC_WARN_UNDECLARED_SELECTOR = YES;
				GCC_WARN_UNINITIALIZED_AUTOS = YES_AGGRESSIVE;
				GCC_WARN_UNUSED_FUNCTION = YES;
				GCC_WARN_UNUSED_VARIABLE = YES;
				IPHONEOS_DEPLOYMENT_TARGET = 15.4;
				MTL_ENABLE_DEBUG_INFO = NO;
				MTL_FAST_MATH = YES;
				SDKROOT = iphoneos;
				SWIFT_COMPILATION_MODE = wholemodule;
				SWIFT_OPTIMIZATION_LEVEL = "-O";
				VALIDATE_PRODUCT = YES;
			};
			name = Release;
		};
		7EA4906127FBABCA00AE2D61 /* Debug */ = {
			isa = XCBuildConfiguration;
			buildSettings = {
				ASSETCATALOG_COMPILER_APPICON_NAME = AppIcon;
				ASSETCATALOG_COMPILER_GLOBAL_ACCENT_COLOR_NAME = AccentColor;
				CODE_SIGN_STYLE = Automatic;
				CURRENT_PROJECT_VERSION = 1;
				DEVELOPMENT_ASSET_PATHS = "\"Collection/Preview Content\"";
				DEVELOPMENT_TEAM = 4SBFKEGD7C;
				ENABLE_PREVIEWS = YES;
				GENERATE_INFOPLIST_FILE = YES;
				INFOPLIST_KEY_UIApplicationSceneManifest_Generation = YES;
				INFOPLIST_KEY_UIApplicationSupportsIndirectInputEvents = YES;
				INFOPLIST_KEY_UILaunchScreen_Generation = YES;
				INFOPLIST_KEY_UISupportedInterfaceOrientations_iPad = "UIInterfaceOrientationPortrait UIInterfaceOrientationPortraitUpsideDown UIInterfaceOrientationLandscapeLeft UIInterfaceOrientationLandscapeRight";
				INFOPLIST_KEY_UISupportedInterfaceOrientations_iPhone = "UIInterfaceOrientationPortrait UIInterfaceOrientationLandscapeLeft UIInterfaceOrientationLandscapeRight";
				LD_RUNPATH_SEARCH_PATHS = (
					"$(inherited)",
					"@executable_path/Frameworks",
				);
				MARKETING_VERSION = 1.0;
				PRODUCT_BUNDLE_IDENTIFIER = Verifiedly.Collection;
				PRODUCT_NAME = "$(TARGET_NAME)";
				SWIFT_EMIT_LOC_STRINGS = YES;
				SWIFT_VERSION = 5.0;
				TARGETED_DEVICE_FAMILY = "1,2";
			};
			name = Debug;
		};
		7EA4906227FBABCA00AE2D61 /* Release */ = {
			isa = XCBuildConfiguration;
			buildSettings = {
				ASSETCATALOG_COMPILER_APPICON_NAME = AppIcon;
				ASSETCATALOG_COMPILER_GLOBAL_ACCENT_COLOR_NAME = AccentColor;
				CODE_SIGN_STYLE = Automatic;
				CURRENT_PROJECT_VERSION = 1;
				DEVELOPMENT_ASSET_PATHS = "\"Collection/Preview Content\"";
				DEVELOPMENT_TEAM = 4SBFKEGD7C;
				ENABLE_PREVIEWS = YES;
				GENERATE_INFOPLIST_FILE = YES;
				INFOPLIST_KEY_UIApplicationSceneManifest_Generation = YES;
				INFOPLIST_KEY_UIApplicationSupportsIndirectInputEvents = YES;
				INFOPLIST_KEY_UILaunchScreen_Generation = YES;
				INFOPLIST_KEY_UISupportedInterfaceOrientations_iPad = "UIInterfaceOrientationPortrait UIInterfaceOrientationPortraitUpsideDown UIInterfaceOrientationLandscapeLeft UIInterfaceOrientationLandscapeRight";
				INFOPLIST_KEY_UISupportedInterfaceOrientations_iPhone = "UIInterfaceOrientationPortrait UIInterfaceOrientationLandscapeLeft UIInterfaceOrientationLandscapeRight";
				LD_RUNPATH_SEARCH_PATHS = (
					"$(inherited)",
					"@executable_path/Frameworks",
				);
				MARKETING_VERSION = 1.0;
				PRODUCT_BUNDLE_IDENTIFIER = Verifiedly.Collection;
				PRODUCT_NAME = "$(TARGET_NAME)";
				SWIFT_EMIT_LOC_STRINGS = YES;
				SWIFT_VERSION = 5.0;
				TARGETED_DEVICE_FAMILY = "1,2";
			};
			name = Release;
		};
		7EA4906427FBABCA00AE2D61 /* Debug */ = {
			isa = XCBuildConfiguration;
			buildSettings = {
				ALWAYS_EMBED_SWIFT_STANDARD_LIBRARIES = YES;
				BUNDLE_LOADER = "$(TEST_HOST)";
				CODE_SIGN_STYLE = Automatic;
				CURRENT_PROJECT_VERSION = 1;
				DEVELOPMENT_TEAM = 4SBFKEGD7C;
				GENERATE_INFOPLIST_FILE = YES;
				IPHONEOS_DEPLOYMENT_TARGET = 15.4;
				MARKETING_VERSION = 1.0;
				PRODUCT_BUNDLE_IDENTIFIER = Verifiedly.CollectionTests;
				PRODUCT_NAME = "$(TARGET_NAME)";
				SWIFT_EMIT_LOC_STRINGS = NO;
				SWIFT_VERSION = 5.0;
				TARGETED_DEVICE_FAMILY = "1,2";
				TEST_HOST = "$(BUILT_PRODUCTS_DIR)/Collection.app/Collection";
			};
			name = Debug;
		};
		7EA4906527FBABCA00AE2D61 /* Release */ = {
			isa = XCBuildConfiguration;
			buildSettings = {
				ALWAYS_EMBED_SWIFT_STANDARD_LIBRARIES = YES;
				BUNDLE_LOADER = "$(TEST_HOST)";
				CODE_SIGN_STYLE = Automatic;
				CURRENT_PROJECT_VERSION = 1;
				DEVELOPMENT_TEAM = 4SBFKEGD7C;
				GENERATE_INFOPLIST_FILE = YES;
				IPHONEOS_DEPLOYMENT_TARGET = 15.4;
				MARKETING_VERSION = 1.0;
				PRODUCT_BUNDLE_IDENTIFIER = Verifiedly.CollectionTests;
				PRODUCT_NAME = "$(TARGET_NAME)";
				SWIFT_EMIT_LOC_STRINGS = NO;
				SWIFT_VERSION = 5.0;
				TARGETED_DEVICE_FAMILY = "1,2";
				TEST_HOST = "$(BUILT_PRODUCTS_DIR)/Collection.app/Collection";
			};
			name = Release;
		};
		7EA4906727FBABCA00AE2D61 /* Debug */ = {
			isa = XCBuildConfiguration;
			buildSettings = {
				ALWAYS_EMBED_SWIFT_STANDARD_LIBRARIES = YES;
				CODE_SIGN_STYLE = Automatic;
				CURRENT_PROJECT_VERSION = 1;
				DEVELOPMENT_TEAM = 4SBFKEGD7C;
				GENERATE_INFOPLIST_FILE = YES;
				MARKETING_VERSION = 1.0;
				PRODUCT_BUNDLE_IDENTIFIER = Verifiedly.CollectionUITests;
				PRODUCT_NAME = "$(TARGET_NAME)";
				SWIFT_EMIT_LOC_STRINGS = NO;
				SWIFT_VERSION = 5.0;
				TARGETED_DEVICE_FAMILY = "1,2";
				TEST_TARGET_NAME = Collection;
			};
			name = Debug;
		};
		7EA4906827FBABCA00AE2D61 /* Release */ = {
			isa = XCBuildConfiguration;
			buildSettings = {
				ALWAYS_EMBED_SWIFT_STANDARD_LIBRARIES = YES;
				CODE_SIGN_STYLE = Automatic;
				CURRENT_PROJECT_VERSION = 1;
				DEVELOPMENT_TEAM = 4SBFKEGD7C;
				GENERATE_INFOPLIST_FILE = YES;
				MARKETING_VERSION = 1.0;
				PRODUCT_BUNDLE_IDENTIFIER = Verifiedly.CollectionUITests;
				PRODUCT_NAME = "$(TARGET_NAME)";
				SWIFT_EMIT_LOC_STRINGS = NO;
				SWIFT_VERSION = 5.0;
				TARGETED_DEVICE_FAMILY = "1,2";
				TEST_TARGET_NAME = Collection;
			};
			name = Release;
		};
/* End XCBuildConfiguration section */

/* Begin XCConfigurationList section */
		7EA4903727FBABC200AE2D61 /* Build configuration list for PBXProject "Collection" */ = {
			isa = XCConfigurationList;
			buildConfigurations = (
				7EA4905E27FBABCA00AE2D61 /* Debug */,
				7EA4905F27FBABCA00AE2D61 /* Release */,
			);
			defaultConfigurationIsVisible = 0;
			defaultConfigurationName = Release;
		};
		7EA4906027FBABCA00AE2D61 /* Build configuration list for PBXNativeTarget "Collection" */ = {
			isa = XCConfigurationList;
			buildConfigurations = (
				7EA4906127FBABCA00AE2D61 /* Debug */,
				7EA4906227FBABCA00AE2D61 /* Release */,
			);
			defaultConfigurationIsVisible = 0;
			defaultConfigurationName = Release;
		};
		7EA4906327FBABCA00AE2D61 /* Build configuration list for PBXNativeTarget "CollectionTests" */ = {
			isa = XCConfigurationList;
			buildConfigurations = (
				7EA4906427FBABCA00AE2D61 /* Debug */,
				7EA4906527FBABCA00AE2D61 /* Release */,
			);
			defaultConfigurationIsVisible = 0;
			defaultConfigurationName = Release;
		};
		7EA4906627FBABCA00AE2D61 /* Build configuration list for PBXNativeTarget "CollectionUITests" */ = {
			isa = XCConfigurationList;
			buildConfigurations = (
				7EA4906727FBABCA00AE2D61 /* Debug */,
				7EA4906827FBABCA00AE2D61 /* Release */,
			);
			defaultConfigurationIsVisible = 0;
			defaultConfigurationName = Release;
		};
/* End XCConfigurationList section */
	};
	rootObject = 7EA4903427FBABC200AE2D61 /* Project object */;
}
